
Microsoft Visual Studio Solution File, Format Version 12.00
# Visual Studio Version 17
VisualStudioVersion = 17.6.33712.159
MinimumVisualStudioVersion = 10.0.40219.1
Project("{FAE04EC0-301F-11D3-BF4B-00C04F79EFBC}") = "CreateQRCode", "CreateQRCode\CreateQRCode.csproj", "{70D80BCA-3F57-478B-8643-77404FDB7779}"
EndProject
Project("{FAE04EC0-301F-11D3-BF4B-00C04F79EFBC}") = "QRCode", "WindowsFormsApp1\QRCode.csproj", "{D1E98F33-7D54-41F3-9725-2CCE07375C7C}"
EndProject
Global
	GlobalSection(SolutionConfigurationPlatforms) = preSolution
		Debug|Any CPU = Debug|Any CPU
		Release|Any CPU = Release|Any CPU
	EndGlobalSection
	GlobalSection(ProjectConfigurationPlatforms) = postSolution
		{70D80BCA-3F57-478B-8643-77404FDB7779}.Debug|Any CPU.ActiveCfg = Debug|Any CPU
		{70D80BCA-3F57-478B-8643-77404FDB7779}.Debug|Any CPU.Build.0 = Debug|Any CPU
		{70D80BCA-3F57-478B-8643-77404FDB7779}.Release|Any CPU.ActiveCfg = Release|Any CPU
		{70D80BCA-3F57-478B-8643-77404FDB7779}.Release|Any CPU.Build.0 = Release|Any CPU
		{D1E98F33-7D54-41F3-9725-2CCE07375C7C}.Debug|Any CPU.ActiveCfg = Debug|Any CPU
		{D1E98F33-7D54-41F3-9725-2CCE07375C7C}.Debug|Any CPU.Build.0 = Debug|Any CPU
		{D1E98F33-7D54-41F3-9725-2CCE07375C7C}.Release|Any CPU.ActiveCfg = Release|Any CPU
		{D1E98F33-7D54-41F3-9725-2CCE07375C7C}.Release|Any CPU.Build.0 = Release|Any CPU
	EndGlobalSection
	GlobalSection(SolutionProperties) = preSolution
		HideSolutionNode = FALSE
	EndGlobalSection
	GlobalSection(ExtensibilityGlobals) = postSolution
		SolutionGuid = {3A6F62D1-408D-4667-A1B9-58615EFB89BD}
	EndGlobalSection
EndGlobal
